
Microsoft Visual Studio Solution File, Format Version 12.00
# Visual Studio Version 16
VisualStudioVersion = 16.0.31702.278
MinimumVisualStudioVersion = 10.0.40219.1
Project("{FAE04EC0-301F-11D3-BF4B-00C04F79EFBC}") = "Postmann", "Postmann\Postmann.csproj", "{DE85A417-2DFB-4AF0-A4E0-1B93775825D8}"
EndProject
Global
	GlobalSection(SolutionConfigurationPlatforms) = preSolution
		Debug|Any CPU = Debug|Any CPU
		Release|Any CPU = Release|Any CPU
	EndGlobalSection
	GlobalSection(ProjectConfigurationPlatforms) = postSolution
		{DE85A417-2DFB-4AF0-A4E0-1B93775825D8}.Debug|Any CPU.ActiveCfg = Debug|Any CPU
		{DE85A417-2DFB-4AF0-A4E0-1B93775825D8}.Debug|Any CPU.Build.0 = Debug|Any CPU
		{DE85A417-2DFB-4AF0-A4E0-1B93775825D8}.Release|Any CPU.ActiveCfg = Release|Any CPU
		{DE85A417-2DFB-4AF0-A4E0-1B93775825D8}.Release|Any CPU.Build.0 = Release|Any CPU
	EndGlobalSection
	GlobalSection(SolutionProperties) = preSolution
		HideSolutionNode = FALSE
	EndGlobalSection
	GlobalSection(ExtensibilityGlobals) = postSolution
		SolutionGuid = {FDE765C8-10E3-4FEA-BF5A-830CBCD5277E}
	EndGlobalSection
EndGlobal
